// !$*UTF8*$!
{
	archiveVersion = 1;
	classes = {
	};
	objectVersion = 50;
	objects = {

/* Begin PBXBuildFile section */
		CF54A10D776E750369869E2D /* Pods_RxNamer.framework in Frameworks */ = {isa = PBXBuildFile; fileRef = 6DDFDB8BE342B62E5388ECA6 /* Pods_RxNamer.framework */; };
		D3011441263845F000A12F72 /* AppDelegate.swift in Sources */ = {isa = PBXBuildFile; fileRef = D3011440263845F000A12F72 /* AppDelegate.swift */; };
		D3011443263845F000A12F72 /* SceneDelegate.swift in Sources */ = {isa = PBXBuildFile; fileRef = D3011442263845F000A12F72 /* SceneDelegate.swift */; };
		D3011445263845F000A12F72 /* ViewController.swift in Sources */ = {isa = PBXBuildFile; fileRef = D3011444263845F000A12F72 /* ViewController.swift */; };
		D3011448263845F000A12F72 /* Main.storyboard in Resources */ = {isa = PBXBuildFile; fileRef = D3011446263845F000A12F72 /* Main.storyboard */; };
		D301144A263845F200A12F72 /* Assets.xcassets in Resources */ = {isa = PBXBuildFile; fileRef = D3011449263845F200A12F72 /* Assets.xcassets */; };
		D301144D263845F200A12F72 /* LaunchScreen.storyboard in Resources */ = {isa = PBXBuildFile; fileRef = D301144B263845F200A12F72 /* LaunchScreen.storyboard */; };
/* End PBXBuildFile section */

/* Begin PBXFileReference section */
		1893860582A4874E02C2552E /* Pods-RxNamer.release.xcconfig */ = {isa = PBXFileReference; includeInIndex = 1; lastKnownFileType = text.xcconfig; name = "Pods-RxNamer.release.xcconfig"; path = "Target Support Files/Pods-RxNamer/Pods-RxNamer.release.xcconfig"; sourceTree = "<group>"; };
		6DDFDB8BE342B62E5388ECA6 /* Pods_RxNamer.framework */ = {isa = PBXFileReference; explicitFileType = wrapper.framework; includeInIndex = 0; path = Pods_RxNamer.framework; sourceTree = BUILT_PRODUCTS_DIR; };
		AA6C3B23516409F88BA23ECF /* Pods-RxNamer.debug.xcconfig */ = {isa = PBXFileReference; includeInIndex = 1; lastKnownFileType = text.xcconfig; name = "Pods-RxNamer.debug.xcconfig"; path = "Target Support Files/Pods-RxNamer/Pods-RxNamer.debug.xcconfig"; sourceTree = "<group>"; };
		D301143D263845F000A12F72 /* RxNamer.app */ = {isa = PBXFileReference; explicitFileType = wrapper.application; includeInIndex = 0; path = RxNamer.app; sourceTree = BUILT_PRODUCTS_DIR; };
		D3011440263845F000A12F72 /* AppDelegate.swift */ = {isa = PBXFileReference; lastKnownFileType = sourcecode.swift; path = AppDelegate.swift; sourceTree = "<group>"; };
		D3011442263845F000A12F72 /* SceneDelegate.swift */ = {isa = PBXFileReference; lastKnownFileType = sourcecode.swift; path = SceneDelegate.swift; sourceTree = "<group>"; };
		D3011444263845F000A12F72 /* ViewController.swift */ = {isa = PBXFileReference; lastKnownFileType = sourcecode.swift; path = ViewController.swift; sourceTree = "<group>"; };
		D3011447263845F000A12F72 /* Base */ = {isa = PBXFileReference; lastKnownFileType = file.storyboard; name = Base; path = Base.lproj/Main.storyboard; sourceTree = "<group>"; };
		D3011449263845F200A12F72 /* Assets.xcassets */ = {isa = PBXFileReference; lastKnownFileType = folder.assetcatalog; path = Assets.xcassets; sourceTree = "<group>"; };
		D301144C263845F200A12F72 /* Base */ = {isa = PBXFileReference; lastKnownFileType = file.storyboard; name = Base; path = Base.lproj/LaunchScreen.storyboard; sourceTree = "<group>"; };
		D301144E263845F200A12F72 /* Info.plist */ = {isa = PBXFileReference; lastKnownFileType = text.plist.xml; path = Info.plist; sourceTree = "<group>"; };
/* End PBXFileReference section */

/* Begin PBXFrameworksBuildPhase section */
		D301143A263845F000A12F72 /* Frameworks */ = {
			isa = PBXFrameworksBuildPhase;
			buildActionMask = 2147483647;
			files = (
				CF54A10D776E750369869E2D /* Pods_RxNamer.framework in Frameworks */,
			);
			runOnlyForDeploymentPostprocessing = 0;
		};
/* End PBXFrameworksBuildPhase section */

/* Begin PBXGroup section */
		6895A50166940B9926BD9C57 /* Pods */ = {
			isa = PBXGroup;
			children = (
				AA6C3B23516409F88BA23ECF /* Pods-RxNamer.debug.xcconfig */,
				1893860582A4874E02C2552E /* Pods-RxNamer.release.xcconfig */,
			);
			name = Pods;
			path = Pods;
			sourceTree = "<group>";
		};
		9CEFF1335CB7D4C023BA4FEE /* Frameworks */ = {
			isa = PBXGroup;
			children = (
				6DDFDB8BE342B62E5388ECA6 /* Pods_RxNamer.framework */,
			);
			name = Frameworks;
			sourceTree = "<group>";
		};
		D3011434263845EF00A12F72 = {
			isa = PBXGroup;
			children = (
				D301143F263845F000A12F72 /* RxNamer */,
				D301143E263845F000A12F72 /* Products */,
				6895A50166940B9926BD9C57 /* Pods */,
				9CEFF1335CB7D4C023BA4FEE /* Frameworks */,
			);
			sourceTree = "<group>";
		};
		D301143E263845F000A12F72 /* Products */ = {
			isa = PBXGroup;
			children = (
				D301143D263845F000A12F72 /* RxNamer.app */,
			);
			name = Products;
			sourceTree = "<group>";
		};
		D301143F263845F000A12F72 /* RxNamer */ = {
			isa = PBXGroup;
			children = (
				D3011440263845F000A12F72 /* AppDelegate.swift */,
				D3011442263845F000A12F72 /* SceneDelegate.swift */,
				D3011444263845F000A12F72 /* ViewController.swift */,
				D3011446263845F000A12F72 /* Main.storyboard */,
				D3011449263845F200A12F72 /* Assets.xcassets */,
				D301144B263845F200A12F72 /* LaunchScreen.storyboard */,
				D301144E263845F200A12F72 /* Info.plist */,
			);
			path = RxNamer;
			sourceTree = "<group>";
		};
/* End PBXGroup section */

/* Begin PBXNativeTarget section */
		D301143C263845F000A12F72 /* RxNamer */ = {
			isa = PBXNativeTarget;
			buildConfigurationList = D3011451263845F200A12F72 /* Build configuration list for PBXNativeTarget "RxNamer" */;
			buildPhases = (
				7FE9AC59565434E76CB21AE0 /* [CP] Check Pods Manifest.lock */,
				D3011439263845F000A12F72 /* Sources */,
				D301143A263845F000A12F72 /* Frameworks */,
				D301143B263845F000A12F72 /* Resources */,
				B50375B0731DF2EB5DBE4034 /* [CP] Embed Pods Frameworks */,
			);
			buildRules = (
			);
			dependencies = (
			);
			name = RxNamer;
			productName = RxNamer;
			productReference = D301143D263845F000A12F72 /* RxNamer.app */;
			productType = "com.apple.product-type.application";
		};
/* End PBXNativeTarget section */

/* Begin PBXProject section */
		D3011435263845EF00A12F72 /* Project object */ = {
			isa = PBXProject;
			attributes = {
				LastSwiftUpdateCheck = 1250;
				LastUpgradeCheck = 1250;
				TargetAttributes = {
					D301143C263845F000A12F72 = {
						CreatedOnToolsVersion = 12.5;
					};
				};
			};
			buildConfigurationList = D3011438263845EF00A12F72 /* Build configuration list for PBXProject "RxNamer" */;
			compatibilityVersion = "Xcode 9.3";
			developmentRegion = en;
			hasScannedForEncodings = 0;
			knownRegions = (
				en,
				Base,
			);
			mainGroup = D3011434263845EF00A12F72;
			productRefGroup = D301143E263845F000A12F72 /* Products */;
			projectDirPath = "";
			projectRoot = "";
			targets = (
				D301143C263845F000A12F72 /* RxNamer */,
			);
		};
/* End PBXProject section */

/* Begin PBXResourcesBuildPhase section */
		D301143B263845F000A12F72 /* Resources */ = {
			isa = PBXResourcesBuildPhase;
			buildActionMask = 2147483647;
			files = (
				D301144D263845F200A12F72 /* LaunchScreen.storyboard in Resources */,
				D301144A263845F200A12F72 /* Assets.xcassets in Resources */,
				D3011448263845F000A12F72 /* Main.storyboard in Resources */,
			);
			runOnlyForDeploymentPostprocessing = 0;
		};
/* End PBXResourcesBuildPhase section */

/* Begin PBXShellScriptBuildPhase section */
		7FE9AC59565434E76CB21AE0 /* [CP] Check Pods Manifest.lock */ = {
			isa = PBXShellScriptBuildPhase;
			buildActionMask = 2147483647;
			files = (
			);
			inputFileListPaths = (
			);
			inputPaths = (
				"${PODS_PODFILE_DIR_PATH}/Podfile.lock",
				"${PODS_ROOT}/Manifest.lock",
			);
			name = "[CP] Check Pods Manifest.lock";
			outputFileListPaths = (
			);
			outputPaths = (
				"$(DERIVED_FILE_DIR)/Pods-RxNamer-checkManifestLockResult.txt",
			);
			runOnlyForDeploymentPostprocessing = 0;
			shellPath = /bin/sh;
			shellScript = "diff \"${PODS_PODFILE_DIR_PATH}/Podfile.lock\" \"${PODS_ROOT}/Manifest.lock\" > /dev/null\nif [ $? != 0 ] ; then\n    # print error to STDERR\n    echo \"error: The sandbox is not in sync with the Podfile.lock. Run 'pod install' or update your CocoaPods installation.\" >&2\n    exit 1\nfi\n# This output is used by Xcode 'outputs' to avoid re-running this script phase.\necho \"SUCCESS\" > \"${SCRIPT_OUTPUT_FILE_0}\"\n";
			showEnvVarsInLog = 0;
		};
		B50375B0731DF2EB5DBE4034 /* [CP] Embed Pods Frameworks */ = {
			isa = PBXShellScriptBuildPhase;
			buildActionMask = 2147483647;
			files = (
			);
			inputFileListPaths = (
				"${PODS_ROOT}/Target Support Files/Pods-RxNamer/Pods-RxNamer-frameworks-${CONFIGURATION}-input-files.xcfilelist",
			);
			name = "[CP] Embed Pods Frameworks";
			outputFileListPaths = (
				"${PODS_ROOT}/Target Support Files/Pods-RxNamer/Pods-RxNamer-frameworks-${CONFIGURATION}-output-files.xcfilelist",
			);
			runOnlyForDeploymentPostprocessing = 0;
			shellPath = /bin/sh;
			shellScript = "\"${PODS_ROOT}/Target Support Files/Pods-RxNamer/Pods-RxNamer-frameworks.sh\"\n";
			showEnvVarsInLog = 0;
		};
/* End PBXShellScriptBuildPhase section */

/* Begin PBXSourcesBuildPhase section */
		D3011439263845F000A12F72 /* Sources */ = {
			isa = PBXSourcesBuildPhase;
			buildActionMask = 2147483647;
			files = (
				D3011445263845F000A12F72 /* ViewController.swift in Sources */,
				D3011441263845F000A12F72 /* AppDelegate.swift in Sources */,
				D3011443263845F000A12F72 /* SceneDelegate.swift in Sources */,
			);
			runOnlyForDeploymentPostprocessing = 0;
		};
/* End PBXSourcesBuildPhase section */

/* Begin PBXVariantGroup section */
		D3011446263845F000A12F72 /* Main.storyboard */ = {
			isa = PBXVariantGroup;
			children = (
				D3011447263845F000A12F72 /* Base */,
			);
			name = Main.storyboard;
			sourceTree = "<group>";
		};
		D301144B263845F200A12F72 /* LaunchScreen.storyboard */ = {
			isa = PBXVariantGroup;
			children = (
				D301144C263845F200A12F72 /* Base */,
			);
			name = LaunchScreen.storyboard;
			sourceTree = "<group>";
		};
/* End PBXVariantGroup section */

/* Begin XCBuildConfiguration section */
		D301144F263845F200A12F72 /* Debug */ = {
			isa = XCBuildConfiguration;
			buildSettings = {
				ALWAYS_SEARCH_USER_PATHS = NO;
				CLANG_ANALYZER_NONNULL = YES;
				CLANG_ANALYZER_NUMBER_OBJECT_CONVERSION = YES_AGGRESSIVE;
				CLANG_CXX_LANGUAGE_STANDARD = "gnu++14";
				CLANG_CXX_LIBRARY = "libc++";
				CLANG_ENABLE_MODULES = YES;
				CLANG_ENABLE_OBJC_ARC = YES;
				CLANG_ENABLE_OBJC_WEAK = YES;
				CLANG_WARN_BLOCK_CAPTURE_AUTORELEASING = YES;
				CLANG_WARN_BOOL_CONVERSION = YES;
				CLANG_WARN_COMMA = YES;
				CLANG_WARN_CONSTANT_CONVERSION = YES;
				CLANG_WARN_DEPRECATED_OBJC_IMPLEMENTATIONS = YES;
				CLANG_WARN_DIRECT_OBJC_ISA_USAGE = YES_ERROR;
				CLANG_WARN_DOCUMENTATION_COMMENTS = YES;
				CLANG_WARN_EMPTY_BODY = YES;
				CLANG_WARN_ENUM_CONVERSION = YES;
				CLANG_WARN_INFINITE_RECURSION = YES;
				CLANG_WARN_INT_CONVERSION = YES;
				CLANG_WARN_NON_LITERAL_NULL_CONVERSION = YES;
				CLANG_WARN_OBJC_IMPLICIT_RETAIN_SELF = YES;
				CLANG_WARN_OBJC_LITERAL_CONVERSION = YES;
				CLANG_WARN_OBJC_ROOT_CLASS = YES_ERROR;
				CLANG_WARN_QUOTED_INCLUDE_IN_FRAMEWORK_HEADER = YES;
				CLANG_WARN_RANGE_LOOP_ANALYSIS = YES;
				CLANG_WARN_STRICT_PROTOTYPES = YES;
				CLANG_WARN_SUSPICIOUS_MOVE = YES;
				CLANG_WARN_UNGUARDED_AVAILABILITY = YES_AGGRESSIVE;
				CLANG_WARN_UNREACHABLE_CODE = YES;
				CLANG_WARN__DUPLICATE_METHOD_MATCH = YES;
				COPY_PHASE_STRIP = NO;
				DEBUG_INFORMATION_FORMAT = dwarf;
				ENABLE_STRICT_OBJC_MSGSEND = YES;
				ENABLE_TESTABILITY = YES;
				GCC_C_LANGUAGE_STANDARD = gnu11;
				GCC_DYNAMIC_NO_PIC = NO;
				GCC_NO_COMMON_BLOCKS = YES;
				GCC_OPTIMIZATION_LEVEL = 0;
				GCC_PREPROCESSOR_DEFINITIONS = (
					"DEBUG=1",
					"$(inherited)",
				);
				GCC_WARN_64_TO_32_BIT_CONVERSION = YES;
				GCC_WARN_ABOUT_RETURN_TYPE = YES_ERROR;
				GCC_WARN_UNDECLARED_SELECTOR = YES;
				GCC_WARN_UNINITIALIZED_AUTOS = YES_AGGRESSIVE;
				GCC_WARN_UNUSED_FUNCTION = YES;
				GCC_WARN_UNUSED_VARIABLE = YES;
				IPHONEOS_DEPLOYMENT_TARGET = 14.5;
				MTL_ENABLE_DEBUG_INFO = INCLUDE_SOURCE;
				MTL_FAST_MATH = YES;
				ONLY_ACTIVE_ARCH = YES;
				SDKROOT = iphoneos;
				SWIFT_ACTIVE_COMPILATION_CONDITIONS = DEBUG;
				SWIFT_OPTIMIZATION_LEVEL = "-Onone";
			};
			name = Debug;
		};
		D3011450263845F200A12F72 /* Release */ = {
			isa = XCBuildConfiguration;
			buildSettings = {
				ALWAYS_SEARCH_USER_PATHS = NO;
				CLANG_ANALYZER_NONNULL = YES;
				CLANG_ANALYZER_NUMBER_OBJECT_CONVERSION = YES_AGGRESSIVE;
				CLANG_CXX_LANGUAGE_STANDARD = "gnu++14";
				CLANG_CXX_LIBRARY = "libc++";
				CLANG_ENABLE_MODULES = YES;
				CLANG_ENABLE_OBJC_ARC = YES;
				CLANG_ENABLE_OBJC_WEAK = YES;
				CLANG_WARN_BLOCK_CAPTURE_AUTORELEASING = YES;
				CLANG_WARN_BOOL_CONVERSION = YES;
				CLANG_WARN_COMMA = YES;
				CLANG_WARN_CONSTANT_CONVERSION = YES;
				CLANG_WARN_DEPRECATED_OBJC_IMPLEMENTATIONS = YES;
				CLANG_WARN_DIRECT_OBJC_ISA_USAGE = YES_ERROR;
				CLANG_WARN_DOCUMENTATION_COMMENTS = YES;
				CLANG_WARN_EMPTY_BODY = YES;
				CLANG_WARN_ENUM_CONVERSION = YES;
				CLANG_WARN_INFINITE_RECURSION = YES;
				CLANG_WARN_INT_CONVERSION = YES;
				CLANG_WARN_NON_LITERAL_NULL_CONVERSION = YES;
				CLANG_WARN_OBJC_IMPLICIT_RETAIN_SELF = YES;
				CLANG_WARN_OBJC_LITERAL_CONVERSION = YES;
				CLANG_WARN_OBJC_ROOT_CLASS = YES_ERROR;
				CLANG_WARN_QUOTED_INCLUDE_IN_FRAMEWORK_HEADER = YES;
				CLANG_WARN_RANGE_LOOP_ANALYSIS = YES;
				CLANG_WARN_STRICT_PROTOTYPES = YES;
				CLANG_WARN_SUSPICIOUS_MOVE = YES;
				CLANG_WARN_UNGUARDED_AVAILABILITY = YES_AGGRESSIVE;
				CLANG_WARN_UNREACHABLE_CODE = YES;
				CLANG_WARN__DUPLICATE_METHOD_MATCH = YES;
				COPY_PHASE_STRIP = NO;
				DEBUG_INFORMATION_FORMAT = "dwarf-with-dsym";
				ENABLE_NS_ASSERTIONS = NO;
				ENABLE_STRICT_OBJC_MSGSEND = YES;
				GCC_C_LANGUAGE_STANDARD = gnu11;
				GCC_NO_COMMON_BLOCKS = YES;
				GCC_WARN_64_TO_32_BIT_CONVERSION = YES;
				GCC_WARN_ABOUT_RETURN_TYPE = YES_ERROR;
				GCC_WARN_UNDECLARED_SELECTOR = YES;
				GCC_WARN_UNINITIALIZED_AUTOS = YES_AGGRESSIVE;
				GCC_WARN_UNUSED_FUNCTION = YES;
				GCC_WARN_UNUSED_VARIABLE = YES;
				IPHONEOS_DEPLOYMENT_TARGET = 14.5;
				MTL_ENABLE_DEBUG_INFO = NO;
				MTL_FAST_MATH = YES;
				SDKROOT = iphoneos;
				SWIFT_COMPILATION_MODE = wholemodule;
				SWIFT_OPTIMIZATION_LEVEL = "-O";
				VALIDATE_PRODUCT = YES;
			};
			name = Release;
		};
		D3011452263845F200A12F72 /* Debug */ = {
			isa = XCBuildConfiguration;
			baseConfigurationReference = AA6C3B23516409F88BA23ECF /* Pods-RxNamer.debug.xcconfig */;
			buildSettings = {
				ASSETCATALOG_COMPILER_APPICON_NAME = AppIcon;
				ASSETCATALOG_COMPILER_GLOBAL_ACCENT_COLOR_NAME = AccentColor;
				CODE_SIGN_STYLE = Automatic;
				INFOPLIST_FILE = RxNamer/Info.plist;
				LD_RUNPATH_SEARCH_PATHS = (
					"$(inherited)",
					"@executable_path/Frameworks",
				);
				PRODUCT_BUNDLE_IDENTIFIER = com.sinarabiei.RxNamer;
				PRODUCT_NAME = "$(TARGET_NAME)";
				SWIFT_VERSION = 5.0;
				TARGETED_DEVICE_FAMILY = "1,2";
			};
			name = Debug;
		};
		D3011453263845F200A12F72 /* Release */ = {
			isa = XCBuildConfiguration;
			baseConfigurationReference = 1893860582A4874E02C2552E /* Pods-RxNamer.release.xcconfig */;
			buildSettings = {
				ASSETCATALOG_COMPILER_APPICON_NAME = AppIcon;
				ASSETCATALOG_COMPILER_GLOBAL_ACCENT_COLOR_NAME = AccentColor;
				CODE_SIGN_STYLE = Automatic;
				INFOPLIST_FILE = RxNamer/Info.plist;
				LD_RUNPATH_SEARCH_PATHS = (
					"$(inherited)",
					"@executable_path/Frameworks",
				);
				PRODUCT_BUNDLE_IDENTIFIER = com.sinarabiei.RxNamer;
				PRODUCT_NAME = "$(TARGET_NAME)";
				SWIFT_VERSION = 5.0;
				TARGETED_DEVICE_FAMILY = "1,2";
			};
			name = Release;
		};
/* End XCBuildConfiguration section */

/* Begin XCConfigurationList section */
		D3011438263845EF00A12F72 /* Build configuration list for PBXProject "RxNamer" */ = {
			isa = XCConfigurationList;
			buildConfigurations = (
				D301144F263845F200A12F72 /* Debug */,
				D3011450263845F200A12F72 /* Release */,
			);
			defaultConfigurationIsVisible = 0;
			defaultConfigurationName = Release;
		};
		D3011451263845F200A12F72 /* Build configuration list for PBXNativeTarget "RxNamer" */ = {
			isa = XCConfigurationList;
			buildConfigurations = (
				D3011452263845F200A12F72 /* Debug */,
				D3011453263845F200A12F72 /* Release */,
			);
			defaultConfigurationIsVisible = 0;
			defaultConfigurationName = Release;
		};
/* End XCConfigurationList section */
	};
	rootObject = D3011435263845EF00A12F72 /* Project object */;
}
